
Microsoft Visual Studio Solution File, Format Version 12.00
# Visual Studio Version 16
VisualStudioVersion = 16.0.29215.179
MinimumVisualStudioVersion = 10.0.40219.1
Project("{8BC9CEB8-8B4A-11D0-8D11-00A0C91BC942}") = "Project1", "Project1.vcxproj", "{4D518957-3B80-4478-AA06-03D4892FB04D}"
EndProject
Global
	GlobalSection(SolutionConfigurationPlatforms) = preSolution
		Debug|x64 = Debug|x64
		Debug|x86 = Debug|x86
		RelDebugInfo|x64 = RelDebugInfo|x64
		RelDebugInfo|x86 = RelDebugInfo|x86
		Release|x64 = Release|x64
		Release|x86 = Release|x86
	EndGlobalSection
	GlobalSection(ProjectConfigurationPlatforms) = postSolution
		{4D518957-3B80-4478-AA06-03D4892FB04D}.Debug|x64.ActiveCfg = Debug|x64
		{4D518957-3B80-4478-AA06-03D4892FB04D}.Debug|x64.Build.0 = Debug|x64
		{4D518957-3B80-4478-AA06-03D4892FB04D}.Debug|x86.ActiveCfg = Debug|Win32
		{4D518957-3B80-4478-AA06-03D4892FB04D}.Debug|x86.Build.0 = Debug|Win32
		{4D518957-3B80-4478-AA06-03D4892FB04D}.RelDebugInfo|x64.ActiveCfg = RelDebugInfo|x64
		{4D518957-3B80-4478-AA06-03D4892FB04D}.RelDebugInfo|x64.Build.0 = RelDebugInfo|x64
		{4D518957-3B80-4478-AA06-03D4892FB04D}.RelDebugInfo|x86.ActiveCfg = RelDebugInfo|Win32
		{4D518957-3B80-4478-AA06-03D4892FB04D}.RelDebugInfo|x86.Build.0 = RelDebugInfo|Win32
		{4D518957-3B80-4478-AA06-03D4892FB04D}.Release|x64.ActiveCfg = Release|x64
		{4D518957-3B80-4478-AA06-03D4892FB04D}.Release|x64.Build.0 = Release|x64
		{4D518957-3B80-4478-AA06-03D4892FB04D}.Release|x86.ActiveCfg = Release|Win32
		{4D518957-3B80-4478-AA06-03D4892FB04D}.Release|x86.Build.0 = Release|Win32
	EndGlobalSection
	GlobalSection(SolutionProperties) = preSolution
		HideSolutionNode = FALSE
	EndGlobalSection
	GlobalSection(ExtensibilityGlobals) = postSolution
		SolutionGuid = {C711D1CF-A9E3-488F-9553-653E101F7E63}
	EndGlobalSection
EndGlobal
